// !$*UTF8*$!
{
	archiveVersion = 1;
	classes = {
	};
	objectVersion = 50;
	objects = {

/* Begin PBXBuildFile section */
		72946E2F26C7AC2700C6EB06 /* AppDelegate.swift in Sources */ = {isa = PBXBuildFile; fileRef = 72946E2E26C7AC2700C6EB06 /* AppDelegate.swift */; };
		72946E3126C7AC2700C6EB06 /* SceneDelegate.swift in Sources */ = {isa = PBXBuildFile; fileRef = 72946E3026C7AC2700C6EB06 /* SceneDelegate.swift */; };
		72946E3326C7AC2700C6EB06 /* ViewController.swift in Sources */ = {isa = PBXBuildFile; fileRef = 72946E3226C7AC2700C6EB06 /* ViewController.swift */; };
		72946E3626C7AC2700C6EB06 /* Main.storyboard in Resources */ = {isa = PBXBuildFile; fileRef = 72946E3426C7AC2700C6EB06 /* Main.storyboard */; };
		72946E3826C7AC2C00C6EB06 /* Assets.xcassets in Resources */ = {isa = PBXBuildFile; fileRef = 72946E3726C7AC2C00C6EB06 /* Assets.xcassets */; };
		72946E3B26C7AC2C00C6EB06 /* LaunchScreen.storyboard in Resources */ = {isa = PBXBuildFile; fileRef = 72946E3926C7AC2C00C6EB06 /* LaunchScreen.storyboard */; };
/* End PBXBuildFile section */

/* Begin PBXFileReference section */
		72946E2B26C7AC2700C6EB06 /* WeeklyFinder.app */ = {isa = PBXFileReference; explicitFileType = wrapper.application; includeInIndex = 0; path = WeeklyFinder.app; sourceTree = BUILT_PRODUCTS_DIR; };
		72946E2E26C7AC2700C6EB06 /* AppDelegate.swift */ = {isa = PBXFileReference; lastKnownFileType = sourcecode.swift; path = AppDelegate.swift; sourceTree = "<group>"; };
		72946E3026C7AC2700C6EB06 /* SceneDelegate.swift */ = {isa = PBXFileReference; lastKnownFileType = sourcecode.swift; path = SceneDelegate.swift; sourceTree = "<group>"; };
		72946E3226C7AC2700C6EB06 /* ViewController.swift */ = {isa = PBXFileReference; lastKnownFileType = sourcecode.swift; path = ViewController.swift; sourceTree = "<group>"; };
		72946E3526C7AC2700C6EB06 /* Base */ = {isa = PBXFileReference; lastKnownFileType = file.storyboard; name = Base; path = Base.lproj/Main.storyboard; sourceTree = "<group>"; };
		72946E3726C7AC2C00C6EB06 /* Assets.xcassets */ = {isa = PBXFileReference; lastKnownFileType = folder.assetcatalog; path = Assets.xcassets; sourceTree = "<group>"; };
		72946E3A26C7AC2C00C6EB06 /* Base */ = {isa = PBXFileReference; lastKnownFileType = file.storyboard; name = Base; path = Base.lproj/LaunchScreen.storyboard; sourceTree = "<group>"; };
		72946E3C26C7AC2C00C6EB06 /* Info.plist */ = {isa = PBXFileReference; lastKnownFileType = text.plist.xml; path = Info.plist; sourceTree = "<group>"; };
/* End PBXFileReference section */

/* Begin PBXFrameworksBuildPhase section */
		72946E2826C7AC2700C6EB06 /* Frameworks */ = {
			isa = PBXFrameworksBuildPhase;
			buildActionMask = 2147483647;
			files = (
			);
			runOnlyForDeploymentPostprocessing = 0;
		};
/* End PBXFrameworksBuildPhase section */

/* Begin PBXGroup section */
		72946E2226C7AC2600C6EB06 = {
			isa = PBXGroup;
			children = (
				72946E2D26C7AC2700C6EB06 /* WeeklyFinder */,
				72946E2C26C7AC2700C6EB06 /* Products */,
			);
			sourceTree = "<group>";
		};
		72946E2C26C7AC2700C6EB06 /* Products */ = {
			isa = PBXGroup;
			children = (
				72946E2B26C7AC2700C6EB06 /* WeeklyFinder.app */,
			);
			name = Products;
			sourceTree = "<group>";
		};
		72946E2D26C7AC2700C6EB06 /* WeeklyFinder */ = {
			isa = PBXGroup;
			children = (
				72946E2E26C7AC2700C6EB06 /* AppDelegate.swift */,
				72946E3026C7AC2700C6EB06 /* SceneDelegate.swift */,
				72946E3226C7AC2700C6EB06 /* ViewController.swift */,
				72946E3426C7AC2700C6EB06 /* Main.storyboard */,
				72946E3726C7AC2C00C6EB06 /* Assets.xcassets */,
				72946E3926C7AC2C00C6EB06 /* LaunchScreen.storyboard */,
				72946E3C26C7AC2C00C6EB06 /* Info.plist */,
			);
			path = WeeklyFinder;
			sourceTree = "<group>";
		};
/* End PBXGroup section */

/* Begin PBXNativeTarget section */
		72946E2A26C7AC2700C6EB06 /* WeeklyFinder */ = {
			isa = PBXNativeTarget;
			buildConfigurationList = 72946E3F26C7AC2C00C6EB06 /* Build configuration list for PBXNativeTarget "WeeklyFinder" */;
			buildPhases = (
				72946E2726C7AC2700C6EB06 /* Sources */,
				72946E2826C7AC2700C6EB06 /* Frameworks */,
				72946E2926C7AC2700C6EB06 /* Resources */,
			);
			buildRules = (
			);
			dependencies = (
			);
			name = WeeklyFinder;
			productName = WeeklyFinder;
			productReference = 72946E2B26C7AC2700C6EB06 /* WeeklyFinder.app */;
			productType = "com.apple.product-type.application";
		};
/* End PBXNativeTarget section */

/* Begin PBXProject section */
		72946E2326C7AC2600C6EB06 /* Project object */ = {
			isa = PBXProject;
			attributes = {
				LastSwiftUpdateCheck = 1250;
				LastUpgradeCheck = 1250;
				TargetAttributes = {
					72946E2A26C7AC2700C6EB06 = {
						CreatedOnToolsVersion = 12.5.1;
					};
				};
			};
			buildConfigurationList = 72946E2626C7AC2600C6EB06 /* Build configuration list for PBXProject "WeeklyFinder" */;
			compatibilityVersion = "Xcode 9.3";
			developmentRegion = en;
			hasScannedForEncodings = 0;
			knownRegions = (
				en,
				Base,
			);
			mainGroup = 72946E2226C7AC2600C6EB06;
			productRefGroup = 72946E2C26C7AC2700C6EB06 /* Products */;
			projectDirPath = "";
			projectRoot = "";
			targets = (
				72946E2A26C7AC2700C6EB06 /* WeeklyFinder */,
			);
		};
/* End PBXProject section */

/* Begin PBXResourcesBuildPhase section */
		72946E2926C7AC2700C6EB06 /* Resources */ = {
			isa = PBXResourcesBuildPhase;
			buildActionMask = 2147483647;
			files = (
				72946E3B26C7AC2C00C6EB06 /* LaunchScreen.storyboard in Resources */,
				72946E3826C7AC2C00C6EB06 /* Assets.xcassets in Resources */,
				72946E3626C7AC2700C6EB06 /* Main.storyboard in Resources */,
			);
			runOnlyForDeploymentPostprocessing = 0;
		};
/* End PBXResourcesBuildPhase section */

/* Begin PBXSourcesBuildPhase section */
		72946E2726C7AC2700C6EB06 /* Sources */ = {
			isa = PBXSourcesBuildPhase;
			buildActionMask = 2147483647;
			files = (
				72946E3326C7AC2700C6EB06 /* ViewController.swift in Sources */,
				72946E2F26C7AC2700C6EB06 /* AppDelegate.swift in Sources */,
				72946E3126C7AC2700C6EB06 /* SceneDelegate.swift in Sources */,
			);
			runOnlyForDeploymentPostprocessing = 0;
		};
/* End PBXSourcesBuildPhase section */

/* Begin PBXVariantGroup section */
		72946E3426C7AC2700C6EB06 /* Main.storyboard */ = {
			isa = PBXVariantGroup;
			children = (
				72946E3526C7AC2700C6EB06 /* Base */,
			);
			name = Main.storyboard;
			sourceTree = "<group>";
		};
		72946E3926C7AC2C00C6EB06 /* LaunchScreen.storyboard */ = {
			isa = PBXVariantGroup;
			children = (
				72946E3A26C7AC2C00C6EB06 /* Base */,
			);
			name = LaunchScreen.storyboard;
			sourceTree = "<group>";
		};
/* End PBXVariantGroup section */

/* Begin XCBuildConfiguration section */
		72946E3D26C7AC2C00C6EB06 /* Debug */ = {
			isa = XCBuildConfiguration;
			buildSettings = {
				ALWAYS_SEARCH_USER_PATHS = NO;
				CLANG_ANALYZER_NONNULL = YES;
				CLANG_ANALYZER_NUMBER_OBJECT_CONVERSION = YES_AGGRESSIVE;
				CLANG_CXX_LANGUAGE_STANDARD = "gnu++14";
				CLANG_CXX_LIBRARY = "libc++";
				CLANG_ENABLE_MODULES = YES;
				CLANG_ENABLE_OBJC_ARC = YES;
				CLANG_ENABLE_OBJC_WEAK = YES;
				CLANG_WARN_BLOCK_CAPTURE_AUTORELEASING = YES;
				CLANG_WARN_BOOL_CONVERSION = YES;
				CLANG_WARN_COMMA = YES;
				CLANG_WARN_CONSTANT_CONVERSION = YES;
				CLANG_WARN_DEPRECATED_OBJC_IMPLEMENTATIONS = YES;
				CLANG_WARN_DIRECT_OBJC_ISA_USAGE = YES_ERROR;
				CLANG_WARN_DOCUMENTATION_COMMENTS = YES;
				CLANG_WARN_EMPTY_BODY = YES;
				CLANG_WARN_ENUM_CONVERSION = YES;
				CLANG_WARN_INFINITE_RECURSION = YES;
				CLANG_WARN_INT_CONVERSION = YES;
				CLANG_WARN_NON_LITERAL_NULL_CONVERSION = YES;
				CLANG_WARN_OBJC_IMPLICIT_RETAIN_SELF = YES;
				CLANG_WARN_OBJC_LITERAL_CONVERSION = YES;
				CLANG_WARN_OBJC_ROOT_CLASS = YES_ERROR;
				CLANG_WARN_QUOTED_INCLUDE_IN_FRAMEWORK_HEADER = YES;
				CLANG_WARN_RANGE_LOOP_ANALYSIS = YES;
				CLANG_WARN_STRICT_PROTOTYPES = YES;
				CLANG_WARN_SUSPICIOUS_MOVE = YES;
				CLANG_WARN_UNGUARDED_AVAILABILITY = YES_AGGRESSIVE;
				CLANG_WARN_UNREACHABLE_CODE = YES;
				CLANG_WARN__DUPLICATE_METHOD_MATCH = YES;
				COPY_PHASE_STRIP = NO;
				DEBUG_INFORMATION_FORMAT = dwarf;
				ENABLE_STRICT_OBJC_MSGSEND = YES;
				ENABLE_TESTABILITY = YES;
				GCC_C_LANGUAGE_STANDARD = gnu11;
				GCC_DYNAMIC_NO_PIC = NO;
				GCC_NO_COMMON_BLOCKS = YES;
				GCC_OPTIMIZATION_LEVEL = 0;
				GCC_PREPROCESSOR_DEFINITIONS = (
					"DEBUG=1",
					"$(inherited)",
				);
				GCC_WARN_64_TO_32_BIT_CONVERSION = YES;
				GCC_WARN_ABOUT_RETURN_TYPE = YES_ERROR;
				GCC_WARN_UNDECLARED_SELECTOR = YES;
				GCC_WARN_UNINITIALIZED_AUTOS = YES_AGGRESSIVE;
				GCC_WARN_UNUSED_FUNCTION = YES;
				GCC_WARN_UNUSED_VARIABLE = YES;
				IPHONEOS_DEPLOYMENT_TARGET = 14.5;
				MTL_ENABLE_DEBUG_INFO = INCLUDE_SOURCE;
				MTL_FAST_MATH = YES;
				ONLY_ACTIVE_ARCH = YES;
				SDKROOT = iphoneos;
				SWIFT_ACTIVE_COMPILATION_CONDITIONS = DEBUG;
				SWIFT_OPTIMIZATION_LEVEL = "-Onone";
			};
			name = Debug;
		};
		72946E3E26C7AC2C00C6EB06 /* Release */ = {
			isa = XCBuildConfiguration;
			buildSettings = {
				ALWAYS_SEARCH_USER_PATHS = NO;
				CLANG_ANALYZER_NONNULL = YES;
				CLANG_ANALYZER_NUMBER_OBJECT_CONVERSION = YES_AGGRESSIVE;
				CLANG_CXX_LANGUAGE_STANDARD = "gnu++14";
				CLANG_CXX_LIBRARY = "libc++";
				CLANG_ENABLE_MODULES = YES;
				CLANG_ENABLE_OBJC_ARC = YES;
				CLANG_ENABLE_OBJC_WEAK = YES;
				CLANG_WARN_BLOCK_CAPTURE_AUTORELEASING = YES;
				CLANG_WARN_BOOL_CONVERSION = YES;
				CLANG_WARN_COMMA = YES;
				CLANG_WARN_CONSTANT_CONVERSION = YES;
				CLANG_WARN_DEPRECATED_OBJC_IMPLEMENTATIONS = YES;
				CLANG_WARN_DIRECT_OBJC_ISA_USAGE = YES_ERROR;
				CLANG_WARN_DOCUMENTATION_COMMENTS = YES;
				CLANG_WARN_EMPTY_BODY = YES;
				CLANG_WARN_ENUM_CONVERSION = YES;
				CLANG_WARN_INFINITE_RECURSION = YES;
				CLANG_WARN_INT_CONVERSION = YES;
				CLANG_WARN_NON_LITERAL_NULL_CONVERSION = YES;
				CLANG_WARN_OBJC_IMPLICIT_RETAIN_SELF = YES;
				CLANG_WARN_OBJC_LITERAL_CONVERSION = YES;
				CLANG_WARN_OBJC_ROOT_CLASS = YES_ERROR;
				CLANG_WARN_QUOTED_INCLUDE_IN_FRAMEWORK_HEADER = YES;
				CLANG_WARN_RANGE_LOOP_ANALYSIS = YES;
				CLANG_WARN_STRICT_PROTOTYPES = YES;
				CLANG_WARN_SUSPICIOUS_MOVE = YES;
				CLANG_WARN_UNGUARDED_AVAILABILITY = YES_AGGRESSIVE;
				CLANG_WARN_UNREACHABLE_CODE = YES;
				CLANG_WARN__DUPLICATE_METHOD_MATCH = YES;
				COPY_PHASE_STRIP = NO;
				DEBUG_INFORMATION_FORMAT = "dwarf-with-dsym";
				ENABLE_NS_ASSERTIONS = NO;
				ENABLE_STRICT_OBJC_MSGSEND = YES;
				GCC_C_LANGUAGE_STANDARD = gnu11;
				GCC_NO_COMMON_BLOCKS = YES;
				GCC_WARN_64_TO_32_BIT_CONVERSION = YES;
				GCC_WARN_ABOUT_RETURN_TYPE = YES_ERROR;
				GCC_WARN_UNDECLARED_SELECTOR = YES;
				GCC_WARN_UNINITIALIZED_AUTOS = YES_AGGRESSIVE;
				GCC_WARN_UNUSED_FUNCTION = YES;
				GCC_WARN_UNUSED_VARIABLE = YES;
				IPHONEOS_DEPLOYMENT_TARGET = 14.5;
				MTL_ENABLE_DEBUG_INFO = NO;
				MTL_FAST_MATH = YES;
				SDKROOT = iphoneos;
				SWIFT_COMPILATION_MODE = wholemodule;
				SWIFT_OPTIMIZATION_LEVEL = "-O";
				VALIDATE_PRODUCT = YES;
			};
			name = Release;
		};
		72946E4026C7AC2C00C6EB06 /* Debug */ = {
			isa = XCBuildConfiguration;
			buildSettings = {
				ASSETCATALOG_COMPILER_APPICON_NAME = AppIcon;
				ASSETCATALOG_COMPILER_GLOBAL_ACCENT_COLOR_NAME = AccentColor;
				CODE_SIGN_STYLE = Automatic;
				DEVELOPMENT_TEAM = JN5BVVZ7X9;
				INFOPLIST_FILE = WeeklyFinder/Info.plist;
				LD_RUNPATH_SEARCH_PATHS = (
					"$(inherited)",
					"@executable_path/Frameworks",
				);
				PRODUCT_BUNDLE_IDENTIFIER = LeilaGulieva.WeeklyFinder;
				PRODUCT_NAME = "$(TARGET_NAME)";
				SWIFT_VERSION = 5.0;
				TARGETED_DEVICE_FAMILY = "1,2";
			};
			name = Debug;
		};
		72946E4126C7AC2C00C6EB06 /* Release */ = {
			isa = XCBuildConfiguration;
			buildSettings = {
				ASSETCATALOG_COMPILER_APPICON_NAME = AppIcon;
				ASSETCATALOG_COMPILER_GLOBAL_ACCENT_COLOR_NAME = AccentColor;
				CODE_SIGN_STYLE = Automatic;
				DEVELOPMENT_TEAM = JN5BVVZ7X9;
				INFOPLIST_FILE = WeeklyFinder/Info.plist;
				LD_RUNPATH_SEARCH_PATHS = (
					"$(inherited)",
					"@executable_path/Frameworks",
				);
				PRODUCT_BUNDLE_IDENTIFIER = LeilaGulieva.WeeklyFinder;
				PRODUCT_NAME = "$(TARGET_NAME)";
				SWIFT_VERSION = 5.0;
				TARGETED_DEVICE_FAMILY = "1,2";
			};
			name = Release;
		};
/* End XCBuildConfiguration section */

/* Begin XCConfigurationList section */
		72946E2626C7AC2600C6EB06 /* Build configuration list for PBXProject "WeeklyFinder" */ = {
			isa = XCConfigurationList;
			buildConfigurations = (
				72946E3D26C7AC2C00C6EB06 /* Debug */,
				72946E3E26C7AC2C00C6EB06 /* Release */,
			);
			defaultConfigurationIsVisible = 0;
			defaultConfigurationName = Release;
		};
		72946E3F26C7AC2C00C6EB06 /* Build configuration list for PBXNativeTarget "WeeklyFinder" */ = {
			isa = XCConfigurationList;
			buildConfigurations = (
				72946E4026C7AC2C00C6EB06 /* Debug */,
				72946E4126C7AC2C00C6EB06 /* Release */,
			);
			defaultConfigurationIsVisible = 0;
			defaultConfigurationName = Release;
		};
/* End XCConfigurationList section */
	};
	rootObject = 72946E2326C7AC2600C6EB06 /* Project object */;
}
